// !$*UTF8*$!
{
	archiveVersion = 1;
	classes = {
	};
	objectVersion = 46;
	objects = {

/* Begin PBXBuildFile section */
		E617F6A61D76958C00DB9B8B /* main.m in Sources */ = {isa = PBXBuildFile; fileRef = E617F6A51D76958C00DB9B8B /* main.m */; };
		E617F6A91D76958C00DB9B8B /* AppDelegate.m in Sources */ = {isa = PBXBuildFile; fileRef = E617F6A81D76958C00DB9B8B /* AppDelegate.m */; };
		E617F6AC1D76958C00DB9B8B /* ViewController.m in Sources */ = {isa = PBXBuildFile; fileRef = E617F6AB1D76958C00DB9B8B /* ViewController.m */; };
		E617F6AF1D76958C00DB9B8B /* Main.storyboard in Resources */ = {isa = PBXBuildFile; fileRef = E617F6AD1D76958C00DB9B8B /* Main.storyboard */; };
		E617F6B11D76958C00DB9B8B /* Assets.xcassets in Resources */ = {isa = PBXBuildFile; fileRef = E617F6B01D76958C00DB9B8B /* Assets.xcassets */; };
		E617F6B41D76958C00DB9B8B /* LaunchScreen.storyboard in Resources */ = {isa = PBXBuildFile; fileRef = E617F6B21D76958C00DB9B8B /* LaunchScreen.storyboard */; };
		E617F6BD1D7695C400DB9B8B /* ViewController2.m in Sources */ = {isa = PBXBuildFile; fileRef = E617F6BC1D7695C400DB9B8B /* ViewController2.m */; };
		E6CD44AE1D795230000B881D /* block.c in Sources */ = {isa = PBXBuildFile; fileRef = E6CD44AD1D795230000B881D /* block.c */; };
/* End PBXBuildFile section */

/* Begin PBXFileReference section */
		E617F6A11D76958C00DB9B8B /* TestBlock.app */ = {isa = PBXFileReference; explicitFileType = wrapper.application; includeInIndex = 0; path = TestBlock.app; sourceTree = BUILT_PRODUCTS_DIR; };
		E617F6A51D76958C00DB9B8B /* main.m */ = {isa = PBXFileReference; lastKnownFileType = sourcecode.c.objc; path = main.m; sourceTree = "<group>"; };
		E617F6A71D76958C00DB9B8B /* AppDelegate.h */ = {isa = PBXFileReference; lastKnownFileType = sourcecode.c.h; path = AppDelegate.h; sourceTree = "<group>"; };
		E617F6A81D76958C00DB9B8B /* AppDelegate.m */ = {isa = PBXFileReference; lastKnownFileType = sourcecode.c.objc; path = AppDelegate.m; sourceTree = "<group>"; };
		E617F6AA1D76958C00DB9B8B /* ViewController.h */ = {isa = PBXFileReference; lastKnownFileType = sourcecode.c.h; path = ViewController.h; sourceTree = "<group>"; };
		E617F6AB1D76958C00DB9B8B /* ViewController.m */ = {isa = PBXFileReference; lastKnownFileType = sourcecode.c.objc; path = ViewController.m; sourceTree = "<group>"; };
		E617F6AE1D76958C00DB9B8B /* Base */ = {isa = PBXFileReference; lastKnownFileType = file.storyboard; name = Base; path = Base.lproj/Main.storyboard; sourceTree = "<group>"; };
		E617F6B01D76958C00DB9B8B /* Assets.xcassets */ = {isa = PBXFileReference; lastKnownFileType = folder.assetcatalog; path = Assets.xcassets; sourceTree = "<group>"; };
		E617F6B31D76958C00DB9B8B /* Base */ = {isa = PBXFileReference; lastKnownFileType = file.storyboard; name = Base; path = Base.lproj/LaunchScreen.storyboard; sourceTree = "<group>"; };
		E617F6B51D76958C00DB9B8B /* Info.plist */ = {isa = PBXFileReference; lastKnownFileType = text.plist.xml; path = Info.plist; sourceTree = "<group>"; };
		E617F6BB1D7695C400DB9B8B /* ViewController2.h */ = {isa = PBXFileReference; fileEncoding = 4; lastKnownFileType = sourcecode.c.h; path = ViewController2.h; sourceTree = "<group>"; };
		E617F6BC1D7695C400DB9B8B /* ViewController2.m */ = {isa = PBXFileReference; fileEncoding = 4; lastKnownFileType = sourcecode.c.objc; path = ViewController2.m; sourceTree = "<group>"; };
		E6CD44AD1D795230000B881D /* block.c */ = {isa = PBXFileReference; fileEncoding = 4; lastKnownFileType = sourcecode.c.c; path = block.c; sourceTree = "<group>"; };
/* End PBXFileReference section */

/* Begin PBXFrameworksBuildPhase section */
		E617F69E1D76958C00DB9B8B /* Frameworks */ = {
			isa = PBXFrameworksBuildPhase;
			buildActionMask = 2147483647;
			files = (
			);
			runOnlyForDeploymentPostprocessing = 0;
		};
/* End PBXFrameworksBuildPhase section */

/* Begin PBXGroup section */
		E617F6981D76958C00DB9B8B = {
			isa = PBXGroup;
			children = (
				E617F6A31D76958C00DB9B8B /* TestBlock */,
				E617F6A21D76958C00DB9B8B /* Products */,
			);
			sourceTree = "<group>";
		};
		E617F6A21D76958C00DB9B8B /* Products */ = {
			isa = PBXGroup;
			children = (
				E617F6A11D76958C00DB9B8B /* TestBlock.app */,
			);
			name = Products;
			sourceTree = "<group>";
		};
		E617F6A31D76958C00DB9B8B /* TestBlock */ = {
			isa = PBXGroup;
			children = (
				E617F6A71D76958C00DB9B8B /* AppDelegate.h */,
				E617F6A81D76958C00DB9B8B /* AppDelegate.m */,
				E617F6AA1D76958C00DB9B8B /* ViewController.h */,
				E617F6AB1D76958C00DB9B8B /* ViewController.m */,
				E617F6BB1D7695C400DB9B8B /* ViewController2.h */,
				E617F6BC1D7695C400DB9B8B /* ViewController2.m */,
				E6CD44AD1D795230000B881D /* block.c */,
				E617F6AD1D76958C00DB9B8B /* Main.storyboard */,
				E617F6B01D76958C00DB9B8B /* Assets.xcassets */,
				E617F6B21D76958C00DB9B8B /* LaunchScreen.storyboard */,
				E617F6B51D76958C00DB9B8B /* Info.plist */,
				E617F6A41D76958C00DB9B8B /* Supporting Files */,
			);
			path = TestBlock;
			sourceTree = "<group>";
		};
		E617F6A41D76958C00DB9B8B /* Supporting Files */ = {
			isa = PBXGroup;
			children = (
				E617F6A51D76958C00DB9B8B /* main.m */,
			);
			name = "Supporting Files";
			sourceTree = "<group>";
		};
/* End PBXGroup section */

/* Begin PBXNativeTarget section */
		E617F6A01D76958C00DB9B8B /* TestBlock */ = {
			isa = PBXNativeTarget;
			buildConfigurationList = E617F6B81D76958C00DB9B8B /* Build configuration list for PBXNativeTarget "TestBlock" */;
			buildPhases = (
				E617F69D1D76958C00DB9B8B /* Sources */,
				E617F69E1D76958C00DB9B8B /* Frameworks */,
				E617F69F1D76958C00DB9B8B /* Resources */,
			);
			buildRules = (
			);
			dependencies = (
			);
			name = TestBlock;
			productName = TestBlock;
			productReference = E617F6A11D76958C00DB9B8B /* TestBlock.app */;
			productType = "com.apple.product-type.application";
		};
/* End PBXNativeTarget section */

/* Begin PBXProject section */
		E617F6991D76958C00DB9B8B /* Project object */ = {
			isa = PBXProject;
			attributes = {
				LastUpgradeCheck = 0730;
				ORGANIZATIONNAME = Bolu;
				TargetAttributes = {
					E617F6A01D76958C00DB9B8B = {
						CreatedOnToolsVersion = 7.3.1;
						DevelopmentTeam = SVWQQ2N395;
					};
				};
			};
			buildConfigurationList = E617F69C1D76958C00DB9B8B /* Build configuration list for PBXProject "TestBlock" */;
			compatibilityVersion = "Xcode 3.2";
			developmentRegion = English;
			hasScannedForEncodings = 0;
			knownRegions = (
				en,
				Base,
			);
			mainGroup = E617F6981D76958C00DB9B8B;
			productRefGroup = E617F6A21D76958C00DB9B8B /* Products */;
			projectDirPath = "";
			projectRoot = "";
			targets = (
				E617F6A01D76958C00DB9B8B /* TestBlock */,
			);
		};
/* End PBXProject section */

/* Begin PBXResourcesBuildPhase section */
		E617F69F1D76958C00DB9B8B /* Resources */ = {
			isa = PBXResourcesBuildPhase;
			buildActionMask = 2147483647;
			files = (
				E617F6B41D76958C00DB9B8B /* LaunchScreen.storyboard in Resources */,
				E617F6B11D76958C00DB9B8B /* Assets.xcassets in Resources */,
				E617F6AF1D76958C00DB9B8B /* Main.storyboard in Resources */,
			);
			runOnlyForDeploymentPostprocessing = 0;
		};
/* End PBXResourcesBuildPhase section */

/* Begin PBXSourcesBuildPhase section */
		E617F69D1D76958C00DB9B8B /* Sources */ = {
			isa = PBXSourcesBuildPhase;
			buildActionMask = 2147483647;
			files = (
				E6CD44AE1D795230000B881D /* block.c in Sources */,
				E617F6AC1D76958C00DB9B8B /* ViewController.m in Sources */,
				E617F6BD1D7695C400DB9B8B /* ViewController2.m in Sources */,
				E617F6A91D76958C00DB9B8B /* AppDelegate.m in Sources */,
				E617F6A61D76958C00DB9B8B /* main.m in Sources */,
			);
			runOnlyForDeploymentPostprocessing = 0;
		};
/* End PBXSourcesBuildPhase section */

/* Begin PBXVariantGroup section */
		E617F6AD1D76958C00DB9B8B /* Main.storyboard */ = {
			isa = PBXVariantGroup;
			children = (
				E617F6AE1D76958C00DB9B8B /* Base */,
			);
			name = Main.storyboard;
			sourceTree = "<group>";
		};
		E617F6B21D76958C00DB9B8B /* LaunchScreen.storyboard */ = {
			isa = PBXVariantGroup;
			children = (
				E617F6B31D76958C00DB9B8B /* Base */,
			);
			name = LaunchScreen.storyboard;
			sourceTree = "<group>";
		};
/* End PBXVariantGroup section */

/* Begin XCBuildConfiguration section */
		E617F6B61D76958C00DB9B8B /* Debug */ = {
			isa = XCBuildConfiguration;
			buildSettings = {
				ALWAYS_SEARCH_USER_PATHS = NO;
				CLANG_ANALYZER_NONNULL = YES;
				CLANG_CXX_LANGUAGE_STANDARD = "gnu++0x";
				CLANG_CXX_LIBRARY = "libc++";
				CLANG_ENABLE_MODULES = YES;
				CLANG_ENABLE_OBJC_ARC = YES;
				CLANG_WARN_BOOL_CONVERSION = YES;
				CLANG_WARN_CONSTANT_CONVERSION = YES;
				CLANG_WARN_DIRECT_OBJC_ISA_USAGE = YES_ERROR;
				CLANG_WARN_EMPTY_BODY = YES;
				CLANG_WARN_ENUM_CONVERSION = YES;
				CLANG_WARN_INT_CONVERSION = YES;
				CLANG_WARN_OBJC_ROOT_CLASS = YES_ERROR;
				CLANG_WARN_UNREACHABLE_CODE = YES;
				CLANG_WARN__DUPLICATE_METHOD_MATCH = YES;
				"CODE_SIGN_IDENTITY[sdk=iphoneos*]" = "iPhone Developer";
				COPY_PHASE_STRIP = NO;
				DEBUG_INFORMATION_FORMAT = dwarf;
				ENABLE_STRICT_OBJC_MSGSEND = YES;
				ENABLE_TESTABILITY = YES;
				GCC_C_LANGUAGE_STANDARD = gnu99;
				GCC_DYNAMIC_NO_PIC = NO;
				GCC_NO_COMMON_BLOCKS = YES;
				GCC_OPTIMIZATION_LEVEL = 0;
				GCC_PREPROCESSOR_DEFINITIONS = (
					"DEBUG=1",
					"$(inherited)",
				);
				GCC_WARN_64_TO_32_BIT_CONVERSION = YES;
				GCC_WARN_ABOUT_RETURN_TYPE = YES_ERROR;
				GCC_WARN_UNDECLARED_SELECTOR = YES;
				GCC_WARN_UNINITIALIZED_AUTOS = YES_AGGRESSIVE;
				GCC_WARN_UNUSED_FUNCTION = YES;
				GCC_WARN_UNUSED_VARIABLE = YES;
				IPHONEOS_DEPLOYMENT_TARGET = 9.3;
				MTL_ENABLE_DEBUG_INFO = YES;
				ONLY_ACTIVE_ARCH = YES;
				SDKROOT = iphoneos;
				TARGETED_DEVICE_FAMILY = "1,2";
			};
			name = Debug;
		};
		E617F6B71D76958C00DB9B8B /* Release */ = {
			isa = XCBuildConfiguration;
			buildSettings = {
				ALWAYS_SEARCH_USER_PATHS = NO;
				CLANG_ANALYZER_NONNULL = YES;
				CLANG_CXX_LANGUAGE_STANDARD = "gnu++0x";
				CLANG_CXX_LIBRARY = "libc++";
				CLANG_ENABLE_MODULES = YES;
				CLANG_ENABLE_OBJC_ARC = YES;
				CLANG_WARN_BOOL_CONVERSION = YES;
				CLANG_WARN_CONSTANT_CONVERSION = YES;
				CLANG_WARN_DIRECT_OBJC_ISA_USAGE = YES_ERROR;
				CLANG_WARN_EMPTY_BODY = YES;
				CLANG_WARN_ENUM_CONVERSION = YES;
				CLANG_WARN_INT_CONVERSION = YES;
				CLANG_WARN_OBJC_ROOT_CLASS = YES_ERROR;
				CLANG_WARN_UNREACHABLE_CODE = YES;
				CLANG_WARN__DUPLICATE_METHOD_MATCH = YES;
				"CODE_SIGN_IDENTITY[sdk=iphoneos*]" = "iPhone Developer";
				COPY_PHASE_STRIP = NO;
				DEBUG_INFORMATION_FORMAT = "dwarf-with-dsym";
				ENABLE_NS_ASSERTIONS = NO;
				ENABLE_STRICT_OBJC_MSGSEND = YES;
				GCC_C_LANGUAGE_STANDARD = gnu99;
				GCC_NO_COMMON_BLOCKS = YES;
				GCC_WARN_64_TO_32_BIT_CONVERSION = YES;
				GCC_WARN_ABOUT_RETURN_TYPE = YES_ERROR;
				GCC_WARN_UNDECLARED_SELECTOR = YES;
				GCC_WARN_UNINITIALIZED_AUTOS = YES_AGGRESSIVE;
				GCC_WARN_UNUSED_FUNCTION = YES;
				GCC_WARN_UNUSED_VARIABLE = YES;
				IPHONEOS_DEPLOYMENT_TARGET = 9.3;
				MTL_ENABLE_DEBUG_INFO = NO;
				SDKROOT = iphoneos;
				TARGETED_DEVICE_FAMILY = "1,2";
				VALIDATE_PRODUCT = YES;
			};
			name = Release;
		};
		E617F6B91D76958C00DB9B8B /* Debug */ = {
			isa = XCBuildConfiguration;
			buildSettings = {
				ASSETCATALOG_COMPILER_APPICON_NAME = AppIcon;
				INFOPLIST_FILE = TestBlock/Info.plist;
				LD_RUNPATH_SEARCH_PATHS = "$(inherited) @executable_path/Frameworks";
				PRODUCT_BUNDLE_IDENTIFIER = bolu.TestBlock;
				PRODUCT_NAME = "$(TARGET_NAME)";
			};
			name = Debug;
		};
		E617F6BA1D76958C00DB9B8B /* Release */ = {
			isa = XCBuildConfiguration;
			buildSettings = {
				ASSETCATALOG_COMPILER_APPICON_NAME = AppIcon;
				INFOPLIST_FILE = TestBlock/Info.plist;
				LD_RUNPATH_SEARCH_PATHS = "$(inherited) @executable_path/Frameworks";
				PRODUCT_BUNDLE_IDENTIFIER = bolu.TestBlock;
				PRODUCT_NAME = "$(TARGET_NAME)";
			};
			name = Release;
		};
/* End XCBuildConfiguration section */

/* Begin XCConfigurationList section */
		E617F69C1D76958C00DB9B8B /* Build configuration list for PBXProject "TestBlock" */ = {
			isa = XCConfigurationList;
			buildConfigurations = (
				E617F6B61D76958C00DB9B8B /* Debug */,
				E617F6B71D76958C00DB9B8B /* Release */,
			);
			defaultConfigurationIsVisible = 0;
			defaultConfigurationName = Release;
		};
		E617F6B81D76958C00DB9B8B /* Build configuration list for PBXNativeTarget "TestBlock" */ = {
			isa = XCConfigurationList;
			buildConfigurations = (
				E617F6B91D76958C00DB9B8B /* Debug */,
				E617F6BA1D76958C00DB9B8B /* Release */,
			);
			defaultConfigurationIsVisible = 0;
			defaultConfigurationName = Release;
		};
/* End XCConfigurationList section */
	};
	rootObject = E617F6991D76958C00DB9B8B /* Project object */;
}
